
Microsoft Visual Studio Solution File, Format Version 12.00
# Visual Studio Version 17
VisualStudioVersion = 17.5.002.0
MinimumVisualStudioVersion = 10.0.40219.1
Project("{9A19103F-16F7-4668-BE54-9A1E7A4F7556}") = "SoapWebService", "SoapWebService.csproj", "{1497B6BF-4E6C-4BD5-94C6-14E38F003C8A}"
EndProject
Global
	GlobalSection(SolutionConfigurationPlatforms) = preSolution
		Debug|Any CPU = Debug|Any CPU
		Release|Any CPU = Release|Any CPU
	EndGlobalSection
	GlobalSection(ProjectConfigurationPlatforms) = postSolution
		{1497B6BF-4E6C-4BD5-94C6-14E38F003C8A}.Debug|Any CPU.ActiveCfg = Debug|Any CPU
		{1497B6BF-4E6C-4BD5-94C6-14E38F003C8A}.Debug|Any CPU.Build.0 = Debug|Any CPU
		{1497B6BF-4E6C-4BD5-94C6-14E38F003C8A}.Release|Any CPU.ActiveCfg = Release|Any CPU
		{1497B6BF-4E6C-4BD5-94C6-14E38F003C8A}.Release|Any CPU.Build.0 = Release|Any CPU
	EndGlobalSection
	GlobalSection(SolutionProperties) = preSolution
		HideSolutionNode = FALSE
	EndGlobalSection
	GlobalSection(ExtensibilityGlobals) = postSolution
		SolutionGuid = {2620F880-4383-49C9-A662-7A3C9EACBB2C}
	EndGlobalSection
EndGlobal
